// !$*UTF8*$!
{
	archiveVersion = 1;
	classes = {
	};
	objectVersion = 50;
	objects = {

/* Begin PBXBuildFile section */
		164B605E21912A1000A03896 /* AppDelegate.swift in Sources */ = {isa = PBXBuildFile; fileRef = 164B605D21912A1000A03896 /* AppDelegate.swift */; };
		164B606021912A1000A03896 /* ViewController.swift in Sources */ = {isa = PBXBuildFile; fileRef = 164B605F21912A1000A03896 /* ViewController.swift */; };
		164B606321912A1000A03896 /* Main.storyboard in Resources */ = {isa = PBXBuildFile; fileRef = 164B606121912A1000A03896 /* Main.storyboard */; };
		164B606521912A1200A03896 /* Assets.xcassets in Resources */ = {isa = PBXBuildFile; fileRef = 164B606421912A1200A03896 /* Assets.xcassets */; };
		164B606821912A1200A03896 /* LaunchScreen.storyboard in Resources */ = {isa = PBXBuildFile; fileRef = 164B606621912A1200A03896 /* LaunchScreen.storyboard */; };
		164B607321912A1200A03896 /* EarthQuakeAppScoreTests.swift in Sources */ = {isa = PBXBuildFile; fileRef = 164B607221912A1200A03896 /* EarthQuakeAppScoreTests.swift */; };
		164B607F219130A400A03896 /* Constants.swift in Sources */ = {isa = PBXBuildFile; fileRef = 164B607E219130A400A03896 /* Constants.swift */; };
		164B60862191329500A03896 /* ServerInteraction.swift in Sources */ = {isa = PBXBuildFile; fileRef = 164B60852191329500A03896 /* ServerInteraction.swift */; };
		164B60892191336B00A03896 /* ProdServerInteraction.swift in Sources */ = {isa = PBXBuildFile; fileRef = 164B60882191336B00A03896 /* ProdServerInteraction.swift */; };
		164B608B2191379A00A03896 /* Earthquake.swift in Sources */ = {isa = PBXBuildFile; fileRef = 164B608A2191379A00A03896 /* Earthquake.swift */; };
		164B60902191445500A03896 /* dummy.json in Resources */ = {isa = PBXBuildFile; fileRef = 164B608F2191445500A03896 /* dummy.json */; };
		164B60912191445500A03896 /* dummy.json in Resources */ = {isa = PBXBuildFile; fileRef = 164B608F2191445500A03896 /* dummy.json */; };
		164B60932191806700A03896 /* EarthquakeAPIClient.swift in Sources */ = {isa = PBXBuildFile; fileRef = 164B60922191806700A03896 /* EarthquakeAPIClient.swift */; };
		164B60942191806700A03896 /* EarthquakeAPIClient.swift in Sources */ = {isa = PBXBuildFile; fileRef = 164B60922191806700A03896 /* EarthquakeAPIClient.swift */; };
		164B609621918DF300A03896 /* TestServerInteraction.swift in Sources */ = {isa = PBXBuildFile; fileRef = 164B609521918DF300A03896 /* TestServerInteraction.swift */; };
		164B609721918E1800A03896 /* Earthquake.swift in Sources */ = {isa = PBXBuildFile; fileRef = 164B608A2191379A00A03896 /* Earthquake.swift */; };
		164B609921918E2800A03896 /* ServerInteraction.swift in Sources */ = {isa = PBXBuildFile; fileRef = 164B60852191329500A03896 /* ServerInteraction.swift */; };
		164B609B21918EFE00A03896 /* DummyConstants.swift in Sources */ = {isa = PBXBuildFile; fileRef = 164B609A21918EFE00A03896 /* DummyConstants.swift */; };
		164B609D2191B18100A03896 /* EarthQuakeApiTests.swift in Sources */ = {isa = PBXBuildFile; fileRef = 164B609C2191B18100A03896 /* EarthQuakeApiTests.swift */; };
		164B609F2191BE7900A03896 /* EarthQuakeViewModel.swift in Sources */ = {isa = PBXBuildFile; fileRef = 164B609E2191BE7900A03896 /* EarthQuakeViewModel.swift */; };
		164B60A02191BE7900A03896 /* EarthQuakeViewModel.swift in Sources */ = {isa = PBXBuildFile; fileRef = 164B609E2191BE7900A03896 /* EarthQuakeViewModel.swift */; };
		164B60A22191C51F00A03896 /* ListEarthquakesTableViewController.swift in Sources */ = {isa = PBXBuildFile; fileRef = 164B60A12191C51F00A03896 /* ListEarthquakesTableViewController.swift */; };
		164B60A32191C51F00A03896 /* ListEarthquakesTableViewController.swift in Sources */ = {isa = PBXBuildFile; fileRef = 164B60A12191C51F00A03896 /* ListEarthquakesTableViewController.swift */; };
		164B60A52191D3D800A03896 /* MapArtwork.swift in Sources */ = {isa = PBXBuildFile; fileRef = 164B60A42191D3D800A03896 /* MapArtwork.swift */; };
		164B60A62191D3D800A03896 /* MapArtwork.swift in Sources */ = {isa = PBXBuildFile; fileRef = 164B60A42191D3D800A03896 /* MapArtwork.swift */; };
		164B60A82191E24600A03896 /* EarthQuakeListViewModel.swift in Sources */ = {isa = PBXBuildFile; fileRef = 164B60A72191E24600A03896 /* EarthQuakeListViewModel.swift */; };
		164B60A92191E24600A03896 /* EarthQuakeListViewModel.swift in Sources */ = {isa = PBXBuildFile; fileRef = 164B60A72191E24600A03896 /* EarthQuakeListViewModel.swift */; };
		164B60AC2191E36000A03896 /* Protocols.swift in Sources */ = {isa = PBXBuildFile; fileRef = 164B60AB2191E36000A03896 /* Protocols.swift */; };
		164B60AD2191E36000A03896 /* Protocols.swift in Sources */ = {isa = PBXBuildFile; fileRef = 164B60AB2191E36000A03896 /* Protocols.swift */; };
		7E9056EC9669DF28921ABC13 /* Pods_EarthQuakeAppScore.framework in Frameworks */ = {isa = PBXBuildFile; fileRef = 347E43A229E13ED332C6523D /* Pods_EarthQuakeAppScore.framework */; };
		CC2141276D08E8BE2E0114E7 /* Pods_EarthQuakeAppScoreTests.framework in Frameworks */ = {isa = PBXBuildFile; fileRef = C040050D306BE0CAD608B5C6 /* Pods_EarthQuakeAppScoreTests.framework */; };
/* End PBXBuildFile section */

/* Begin PBXContainerItemProxy section */
		164B606F21912A1200A03896 /* PBXContainerItemProxy */ = {
			isa = PBXContainerItemProxy;
			containerPortal = 164B605221912A1000A03896 /* Project object */;
			proxyType = 1;
			remoteGlobalIDString = 164B605921912A1000A03896;
			remoteInfo = EarthQuakeAppScore;
		};
/* End PBXContainerItemProxy section */

/* Begin PBXFileReference section */
		0E3797F06444807A3DC81622 /* Pods-EarthQuakeAppScoreTests.debug.xcconfig */ = {isa = PBXFileReference; includeInIndex = 1; lastKnownFileType = text.xcconfig; name = "Pods-EarthQuakeAppScoreTests.debug.xcconfig"; path = "Pods/Target Support Files/Pods-EarthQuakeAppScoreTests/Pods-EarthQuakeAppScoreTests.debug.xcconfig"; sourceTree = "<group>"; };
		164B605A21912A1000A03896 /* EarthQuakeAppScore.app */ = {isa = PBXFileReference; explicitFileType = wrapper.application; includeInIndex = 0; path = EarthQuakeAppScore.app; sourceTree = BUILT_PRODUCTS_DIR; };
		164B605D21912A1000A03896 /* AppDelegate.swift */ = {isa = PBXFileReference; lastKnownFileType = sourcecode.swift; path = AppDelegate.swift; sourceTree = "<group>"; };
		164B605F21912A1000A03896 /* ViewController.swift */ = {isa = PBXFileReference; lastKnownFileType = sourcecode.swift; path = ViewController.swift; sourceTree = "<group>"; };
		164B606221912A1000A03896 /* Base */ = {isa = PBXFileReference; lastKnownFileType = file.storyboard; name = Base; path = Base.lproj/Main.storyboard; sourceTree = "<group>"; };
		164B606421912A1200A03896 /* Assets.xcassets */ = {isa = PBXFileReference; lastKnownFileType = folder.assetcatalog; path = Assets.xcassets; sourceTree = "<group>"; };
		164B606721912A1200A03896 /* Base */ = {isa = PBXFileReference; lastKnownFileType = file.storyboard; name = Base; path = Base.lproj/LaunchScreen.storyboard; sourceTree = "<group>"; };
		164B606921912A1200A03896 /* Info.plist */ = {isa = PBXFileReference; lastKnownFileType = text.plist.xml; path = Info.plist; sourceTree = "<group>"; };
		164B606E21912A1200A03896 /* EarthQuakeAppScoreTests.xctest */ = {isa = PBXFileReference; explicitFileType = wrapper.cfbundle; includeInIndex = 0; path = EarthQuakeAppScoreTests.xctest; sourceTree = BUILT_PRODUCTS_DIR; };
		164B607221912A1200A03896 /* EarthQuakeAppScoreTests.swift */ = {isa = PBXFileReference; lastKnownFileType = sourcecode.swift; path = EarthQuakeAppScoreTests.swift; sourceTree = "<group>"; };
		164B607421912A1200A03896 /* Info.plist */ = {isa = PBXFileReference; lastKnownFileType = text.plist.xml; path = Info.plist; sourceTree = "<group>"; };
		164B607E219130A400A03896 /* Constants.swift */ = {isa = PBXFileReference; lastKnownFileType = sourcecode.swift; path = Constants.swift; sourceTree = "<group>"; };
		164B60852191329500A03896 /* ServerInteraction.swift */ = {isa = PBXFileReference; lastKnownFileType = sourcecode.swift; path = ServerInteraction.swift; sourceTree = "<group>"; };
		164B60882191336B00A03896 /* ProdServerInteraction.swift */ = {isa = PBXFileReference; lastKnownFileType = sourcecode.swift; path = ProdServerInteraction.swift; sourceTree = "<group>"; };
		164B608A2191379A00A03896 /* Earthquake.swift */ = {isa = PBXFileReference; lastKnownFileType = sourcecode.swift; path = Earthquake.swift; sourceTree = "<group>"; };
		164B608F2191445500A03896 /* dummy.json */ = {isa = PBXFileReference; fileEncoding = 4; lastKnownFileType = text.json; path = dummy.json; sourceTree = "<group>"; };
		164B60922191806700A03896 /* EarthquakeAPIClient.swift */ = {isa = PBXFileReference; lastKnownFileType = sourcecode.swift; path = EarthquakeAPIClient.swift; sourceTree = "<group>"; };
		164B609521918DF300A03896 /* TestServerInteraction.swift */ = {isa = PBXFileReference; lastKnownFileType = sourcecode.swift; path = TestServerInteraction.swift; sourceTree = "<group>"; };
		164B609A21918EFE00A03896 /* DummyConstants.swift */ = {isa = PBXFileReference; lastKnownFileType = sourcecode.swift; path = DummyConstants.swift; sourceTree = "<group>"; };
		164B609C2191B18100A03896 /* EarthQuakeApiTests.swift */ = {isa = PBXFileReference; lastKnownFileType = sourcecode.swift; path = EarthQuakeApiTests.swift; sourceTree = "<group>"; };
		164B609E2191BE7900A03896 /* EarthQuakeViewModel.swift */ = {isa = PBXFileReference; lastKnownFileType = sourcecode.swift; path = EarthQuakeViewModel.swift; sourceTree = "<group>"; };
		164B60A12191C51F00A03896 /* ListEarthquakesTableViewController.swift */ = {isa = PBXFileReference; lastKnownFileType = sourcecode.swift; path = ListEarthquakesTableViewController.swift; sourceTree = "<group>"; };
		164B60A42191D3D800A03896 /* MapArtwork.swift */ = {isa = PBXFileReference; lastKnownFileType = sourcecode.swift; path = MapArtwork.swift; sourceTree = "<group>"; };
		164B60A72191E24600A03896 /* EarthQuakeListViewModel.swift */ = {isa = PBXFileReference; lastKnownFileType = sourcecode.swift; path = EarthQuakeListViewModel.swift; sourceTree = "<group>"; };
		164B60AB2191E36000A03896 /* Protocols.swift */ = {isa = PBXFileReference; lastKnownFileType = sourcecode.swift; path = Protocols.swift; sourceTree = "<group>"; };
		347E43A229E13ED332C6523D /* Pods_EarthQuakeAppScore.framework */ = {isa = PBXFileReference; explicitFileType = wrapper.framework; includeInIndex = 0; path = Pods_EarthQuakeAppScore.framework; sourceTree = BUILT_PRODUCTS_DIR; };
		34F67B90D697AA4A2E40E557 /* Pods-EarthQuakeAppScore.release.xcconfig */ = {isa = PBXFileReference; includeInIndex = 1; lastKnownFileType = text.xcconfig; name = "Pods-EarthQuakeAppScore.release.xcconfig"; path = "Pods/Target Support Files/Pods-EarthQuakeAppScore/Pods-EarthQuakeAppScore.release.xcconfig"; sourceTree = "<group>"; };
		3DABB9EC6B996594DA9598F4 /* Pods-EarthQuakeAppScore.debug.xcconfig */ = {isa = PBXFileReference; includeInIndex = 1; lastKnownFileType = text.xcconfig; name = "Pods-EarthQuakeAppScore.debug.xcconfig"; path = "Pods/Target Support Files/Pods-EarthQuakeAppScore/Pods-EarthQuakeAppScore.debug.xcconfig"; sourceTree = "<group>"; };
		C040050D306BE0CAD608B5C6 /* Pods_EarthQuakeAppScoreTests.framework */ = {isa = PBXFileReference; explicitFileType = wrapper.framework; includeInIndex = 0; path = Pods_EarthQuakeAppScoreTests.framework; sourceTree = BUILT_PRODUCTS_DIR; };
		DAA3E29616A40A0F4F87A818 /* Pods-EarthQuakeAppScoreTests.release.xcconfig */ = {isa = PBXFileReference; includeInIndex = 1; lastKnownFileType = text.xcconfig; name = "Pods-EarthQuakeAppScoreTests.release.xcconfig"; path = "Pods/Target Support Files/Pods-EarthQuakeAppScoreTests/Pods-EarthQuakeAppScoreTests.release.xcconfig"; sourceTree = "<group>"; };
/* End PBXFileReference section */

/* Begin PBXFrameworksBuildPhase section */
		164B605721912A1000A03896 /* Frameworks */ = {
			isa = PBXFrameworksBuildPhase;
			buildActionMask = 2147483647;
			files = (
				7E9056EC9669DF28921ABC13 /* Pods_EarthQuakeAppScore.framework in Frameworks */,
			);
			runOnlyForDeploymentPostprocessing = 0;
		};
		164B606B21912A1200A03896 /* Frameworks */ = {
			isa = PBXFrameworksBuildPhase;
			buildActionMask = 2147483647;
			files = (
				CC2141276D08E8BE2E0114E7 /* Pods_EarthQuakeAppScoreTests.framework in Frameworks */,
			);
			runOnlyForDeploymentPostprocessing = 0;
		};
/* End PBXFrameworksBuildPhase section */

/* Begin PBXGroup section */
		164B605121912A1000A03896 = {
			isa = PBXGroup;
			children = (
				164B605C21912A1000A03896 /* EarthQuakeAppScore */,
				164B607121912A1200A03896 /* EarthQuakeAppScoreTests */,
				164B605B21912A1000A03896 /* Products */,
				C1F743B77B4FF8BE43735540 /* Pods */,
				AEF4FC0F21CAE9CABBD56A1B /* Frameworks */,
			);
			sourceTree = "<group>";
		};
		164B605B21912A1000A03896 /* Products */ = {
			isa = PBXGroup;
			children = (
				164B605A21912A1000A03896 /* EarthQuakeAppScore.app */,
				164B606E21912A1200A03896 /* EarthQuakeAppScoreTests.xctest */,
			);
			name = Products;
			sourceTree = "<group>";
		};
		164B605C21912A1000A03896 /* EarthQuakeAppScore */ = {
			isa = PBXGroup;
			children = (
				164B60AA2191E34E00A03896 /* Helper */,
				164B608E2191441D00A03896 /* DummyData */,
				164B6084219130F900A03896 /* NetworkLayer */,
				164B6083219130F200A03896 /* Models */,
				164B6082219130DC00A03896 /* UserInterface */,
				164B6081219130CE00A03896 /* View */,
				164B6080219130BC00A03896 /* ViewModel */,
				164B607D2191308D00A03896 /* Constants */,
				164B605D21912A1000A03896 /* AppDelegate.swift */,
				164B606421912A1200A03896 /* Assets.xcassets */,
				164B606921912A1200A03896 /* Info.plist */,
			);
			path = EarthQuakeAppScore;
			sourceTree = "<group>";
		};
		164B607121912A1200A03896 /* EarthQuakeAppScoreTests */ = {
			isa = PBXGroup;
			children = (
				164B607221912A1200A03896 /* EarthQuakeAppScoreTests.swift */,
				164B607421912A1200A03896 /* Info.plist */,
				164B609C2191B18100A03896 /* EarthQuakeApiTests.swift */,
			);
			path = EarthQuakeAppScoreTests;
			sourceTree = "<group>";
		};
		164B607D2191308D00A03896 /* Constants */ = {
			isa = PBXGroup;
			children = (
				164B607E219130A400A03896 /* Constants.swift */,
				164B609A21918EFE00A03896 /* DummyConstants.swift */,
			);
			path = Constants;
			sourceTree = "<group>";
		};
		164B6080219130BC00A03896 /* ViewModel */ = {
			isa = PBXGroup;
			children = (
				164B609E2191BE7900A03896 /* EarthQuakeViewModel.swift */,
				164B60A72191E24600A03896 /* EarthQuakeListViewModel.swift */,
			);
			path = ViewModel;
			sourceTree = "<group>";
		};
		164B6081219130CE00A03896 /* View */ = {
			isa = PBXGroup;
			children = (
				164B605F21912A1000A03896 /* ViewController.swift */,
				164B60A12191C51F00A03896 /* ListEarthquakesTableViewController.swift */,
				164B60A42191D3D800A03896 /* MapArtwork.swift */,
			);
			path = View;
			sourceTree = "<group>";
		};
		164B6082219130DC00A03896 /* UserInterface */ = {
			isa = PBXGroup;
			children = (
				164B606121912A1000A03896 /* Main.storyboard */,
				164B606621912A1200A03896 /* LaunchScreen.storyboard */,
			);
			path = UserInterface;
			sourceTree = "<group>";
		};
		164B6083219130F200A03896 /* Models */ = {
			isa = PBXGroup;
			children = (
				164B608A2191379A00A03896 /* Earthquake.swift */,
			);
			path = Models;
			sourceTree = "<group>";
		};
		164B6084219130F900A03896 /* NetworkLayer */ = {
			isa = PBXGroup;
			children = (
				164B60872191335300A03896 /* Interactions */,
				164B60852191329500A03896 /* ServerInteraction.swift */,
				164B60922191806700A03896 /* EarthquakeAPIClient.swift */,
			);
			path = NetworkLayer;
			sourceTree = "<group>";
		};
		164B60872191335300A03896 /* Interactions */ = {
			isa = PBXGroup;
			children = (
				164B60882191336B00A03896 /* ProdServerInteraction.swift */,
				164B609521918DF300A03896 /* TestServerInteraction.swift */,
			);
			path = Interactions;
			sourceTree = "<group>";
		};
		164B608E2191441D00A03896 /* DummyData */ = {
			isa = PBXGroup;
			children = (
				164B608F2191445500A03896 /* dummy.json */,
			);
			path = DummyData;
			sourceTree = "<group>";
		};
		164B60AA2191E34E00A03896 /* Helper */ = {
			isa = PBXGroup;
			children = (
				164B60AB2191E36000A03896 /* Protocols.swift */,
			);
			path = Helper;
			sourceTree = "<group>";
		};
		AEF4FC0F21CAE9CABBD56A1B /* Frameworks */ = {
			isa = PBXGroup;
			children = (
				347E43A229E13ED332C6523D /* Pods_EarthQuakeAppScore.framework */,
				C040050D306BE0CAD608B5C6 /* Pods_EarthQuakeAppScoreTests.framework */,
			);
			name = Frameworks;
			sourceTree = "<group>";
		};
		C1F743B77B4FF8BE43735540 /* Pods */ = {
			isa = PBXGroup;
			children = (
				3DABB9EC6B996594DA9598F4 /* Pods-EarthQuakeAppScore.debug.xcconfig */,
				34F67B90D697AA4A2E40E557 /* Pods-EarthQuakeAppScore.release.xcconfig */,
				0E3797F06444807A3DC81622 /* Pods-EarthQuakeAppScoreTests.debug.xcconfig */,
				DAA3E29616A40A0F4F87A818 /* Pods-EarthQuakeAppScoreTests.release.xcconfig */,
			);
			name = Pods;
			sourceTree = "<group>";
		};
/* End PBXGroup section */

/* Begin PBXNativeTarget section */
		164B605921912A1000A03896 /* EarthQuakeAppScore */ = {
			isa = PBXNativeTarget;
			buildConfigurationList = 164B607721912A1200A03896 /* Build configuration list for PBXNativeTarget "EarthQuakeAppScore" */;
			buildPhases = (
				C2A9339AA7C515605BBA1FC2 /* [CP] Check Pods Manifest.lock */,
				164B605621912A1000A03896 /* Sources */,
				164B605721912A1000A03896 /* Frameworks */,
				164B605821912A1000A03896 /* Resources */,
				7379EA94D6D4A7DBF520939D /* [CP] Embed Pods Frameworks */,
			);
			buildRules = (
			);
			dependencies = (
			);
			name = EarthQuakeAppScore;
			productName = EarthQuakeAppScore;
			productReference = 164B605A21912A1000A03896 /* EarthQuakeAppScore.app */;
			productType = "com.apple.product-type.application";
		};
		164B606D21912A1200A03896 /* EarthQuakeAppScoreTests */ = {
			isa = PBXNativeTarget;
			buildConfigurationList = 164B607A21912A1200A03896 /* Build configuration list for PBXNativeTarget "EarthQuakeAppScoreTests" */;
			buildPhases = (
				EB4FEB3A94512F1689A2C915 /* [CP] Check Pods Manifest.lock */,
				164B606A21912A1200A03896 /* Sources */,
				164B606B21912A1200A03896 /* Frameworks */,
				164B606C21912A1200A03896 /* Resources */,
			);
			buildRules = (
			);
			dependencies = (
				164B607021912A1200A03896 /* PBXTargetDependency */,
			);
			name = EarthQuakeAppScoreTests;
			productName = EarthQuakeAppScoreTests;
			productReference = 164B606E21912A1200A03896 /* EarthQuakeAppScoreTests.xctest */;
			productType = "com.apple.product-type.bundle.unit-test";
		};
/* End PBXNativeTarget section */

/* Begin PBXProject section */
		164B605221912A1000A03896 /* Project object */ = {
			isa = PBXProject;
			attributes = {
				LastSwiftUpdateCheck = 0940;
				LastUpgradeCheck = 0940;
				ORGANIZATIONNAME = "Soan Saini";
				TargetAttributes = {
					164B605921912A1000A03896 = {
						CreatedOnToolsVersion = 9.4;
					};
					164B606D21912A1200A03896 = {
						CreatedOnToolsVersion = 9.4;
						TestTargetID = 164B605921912A1000A03896;
					};
				};
			};
			buildConfigurationList = 164B605521912A1000A03896 /* Build configuration list for PBXProject "EarthQuakeAppScore" */;
			compatibilityVersion = "Xcode 9.3";
			developmentRegion = en;
			hasScannedForEncodings = 0;
			knownRegions = (
				en,
				Base,
			);
			mainGroup = 164B605121912A1000A03896;
			productRefGroup = 164B605B21912A1000A03896 /* Products */;
			projectDirPath = "";
			projectRoot = "";
			targets = (
				164B605921912A1000A03896 /* EarthQuakeAppScore */,
				164B606D21912A1200A03896 /* EarthQuakeAppScoreTests */,
			);
		};
/* End PBXProject section */

/* Begin PBXResourcesBuildPhase section */
		164B605821912A1000A03896 /* Resources */ = {
			isa = PBXResourcesBuildPhase;
			buildActionMask = 2147483647;
			files = (
				164B606821912A1200A03896 /* LaunchScreen.storyboard in Resources */,
				164B606521912A1200A03896 /* Assets.xcassets in Resources */,
				164B60902191445500A03896 /* dummy.json in Resources */,
				164B606321912A1000A03896 /* Main.storyboard in Resources */,
			);
			runOnlyForDeploymentPostprocessing = 0;
		};
		164B606C21912A1200A03896 /* Resources */ = {
			isa = PBXResourcesBuildPhase;
			buildActionMask = 2147483647;
			files = (
				164B60912191445500A03896 /* dummy.json in Resources */,
			);
			runOnlyForDeploymentPostprocessing = 0;
		};
/* End PBXResourcesBuildPhase section */

/* Begin PBXShellScriptBuildPhase section */
		7379EA94D6D4A7DBF520939D /* [CP] Embed Pods Frameworks */ = {
			isa = PBXShellScriptBuildPhase;
			buildActionMask = 2147483647;
			files = (
			);
			inputPaths = (
				"${SRCROOT}/Pods/Target Support Files/Pods-EarthQuakeAppScore/Pods-EarthQuakeAppScore-frameworks.sh",
				"${BUILT_PRODUCTS_DIR}/Alamofire/Alamofire.framework",
			);
			name = "[CP] Embed Pods Frameworks";
			outputPaths = (
				"${TARGET_BUILD_DIR}/${FRAMEWORKS_FOLDER_PATH}/Alamofire.framework",
			);
			runOnlyForDeploymentPostprocessing = 0;
			shellPath = /bin/sh;
			shellScript = "\"${SRCROOT}/Pods/Target Support Files/Pods-EarthQuakeAppScore/Pods-EarthQuakeAppScore-frameworks.sh\"\n";
			showEnvVarsInLog = 0;
		};
		C2A9339AA7C515605BBA1FC2 /* [CP] Check Pods Manifest.lock */ = {
			isa = PBXShellScriptBuildPhase;
			buildActionMask = 2147483647;
			files = (
			);
			inputPaths = (
				"${PODS_PODFILE_DIR_PATH}/Podfile.lock",
				"${PODS_ROOT}/Manifest.lock",
			);
			name = "[CP] Check Pods Manifest.lock";
			outputPaths = (
				"$(DERIVED_FILE_DIR)/Pods-EarthQuakeAppScore-checkManifestLockResult.txt",
			);
			runOnlyForDeploymentPostprocessing = 0;
			shellPath = /bin/sh;
			shellScript = "diff \"${PODS_PODFILE_DIR_PATH}/Podfile.lock\" \"${PODS_ROOT}/Manifest.lock\" > /dev/null\nif [ $? != 0 ] ; then\n    # print error to STDERR\n    echo \"error: The sandbox is not in sync with the Podfile.lock. Run 'pod install' or update your CocoaPods installation.\" >&2\n    exit 1\nfi\n# This output is used by Xcode 'outputs' to avoid re-running this script phase.\necho \"SUCCESS\" > \"${SCRIPT_OUTPUT_FILE_0}\"\n";
			showEnvVarsInLog = 0;
		};
		EB4FEB3A94512F1689A2C915 /* [CP] Check Pods Manifest.lock */ = {
			isa = PBXShellScriptBuildPhase;
			buildActionMask = 2147483647;
			files = (
			);
			inputPaths = (
				"${PODS_PODFILE_DIR_PATH}/Podfile.lock",
				"${PODS_ROOT}/Manifest.lock",
			);
			name = "[CP] Check Pods Manifest.lock";
			outputPaths = (
				"$(DERIVED_FILE_DIR)/Pods-EarthQuakeAppScoreTests-checkManifestLockResult.txt",
			);
			runOnlyForDeploymentPostprocessing = 0;
			shellPath = /bin/sh;
			shellScript = "diff \"${PODS_PODFILE_DIR_PATH}/Podfile.lock\" \"${PODS_ROOT}/Manifest.lock\" > /dev/null\nif [ $? != 0 ] ; then\n    # print error to STDERR\n    echo \"error: The sandbox is not in sync with the Podfile.lock. Run 'pod install' or update your CocoaPods installation.\" >&2\n    exit 1\nfi\n# This output is used by Xcode 'outputs' to avoid re-running this script phase.\necho \"SUCCESS\" > \"${SCRIPT_OUTPUT_FILE_0}\"\n";
			showEnvVarsInLog = 0;
		};
/* End PBXShellScriptBuildPhase section */

/* Begin PBXSourcesBuildPhase section */
		164B605621912A1000A03896 /* Sources */ = {
			isa = PBXSourcesBuildPhase;
			buildActionMask = 2147483647;
			files = (
				164B60932191806700A03896 /* EarthquakeAPIClient.swift in Sources */,
				164B60A82191E24600A03896 /* EarthQuakeListViewModel.swift in Sources */,
				164B606021912A1000A03896 /* ViewController.swift in Sources */,
				164B60AC2191E36000A03896 /* Protocols.swift in Sources */,
				164B60892191336B00A03896 /* ProdServerInteraction.swift in Sources */,
				164B609F2191BE7900A03896 /* EarthQuakeViewModel.swift in Sources */,
				164B60862191329500A03896 /* ServerInteraction.swift in Sources */,
				164B605E21912A1000A03896 /* AppDelegate.swift in Sources */,
				164B608B2191379A00A03896 /* Earthquake.swift in Sources */,
				164B60A22191C51F00A03896 /* ListEarthquakesTableViewController.swift in Sources */,
				164B607F219130A400A03896 /* Constants.swift in Sources */,
				164B60A52191D3D800A03896 /* MapArtwork.swift in Sources */,
			);
			runOnlyForDeploymentPostprocessing = 0;
		};
		164B606A21912A1200A03896 /* Sources */ = {
			isa = PBXSourcesBuildPhase;
			buildActionMask = 2147483647;
			files = (
				164B609B21918EFE00A03896 /* DummyConstants.swift in Sources */,
				164B60A92191E24600A03896 /* EarthQuakeListViewModel.swift in Sources */,
				164B60942191806700A03896 /* EarthquakeAPIClient.swift in Sources */,
				164B60AD2191E36000A03896 /* Protocols.swift in Sources */,
				164B607321912A1200A03896 /* EarthQuakeAppScoreTests.swift in Sources */,
				164B60A02191BE7900A03896 /* EarthQuakeViewModel.swift in Sources */,
				164B609D2191B18100A03896 /* EarthQuakeApiTests.swift in Sources */,
				164B609721918E1800A03896 /* Earthquake.swift in Sources */,
				164B609921918E2800A03896 /* ServerInteraction.swift in Sources */,
				164B60A32191C51F00A03896 /* ListEarthquakesTableViewController.swift in Sources */,
				164B609621918DF300A03896 /* TestServerInteraction.swift in Sources */,
				164B60A62191D3D800A03896 /* MapArtwork.swift in Sources */,
			);
			runOnlyForDeploymentPostprocessing = 0;
		};
/* End PBXSourcesBuildPhase section */

/* Begin PBXTargetDependency section */
		164B607021912A1200A03896 /* PBXTargetDependency */ = {
			isa = PBXTargetDependency;
			target = 164B605921912A1000A03896 /* EarthQuakeAppScore */;
			targetProxy = 164B606F21912A1200A03896 /* PBXContainerItemProxy */;
		};
/* End PBXTargetDependency section */

/* Begin PBXVariantGroup section */
		164B606121912A1000A03896 /* Main.storyboard */ = {
			isa = PBXVariantGroup;
			children = (
				164B606221912A1000A03896 /* Base */,
			);
			name = Main.storyboard;
			sourceTree = "<group>";
		};
		164B606621912A1200A03896 /* LaunchScreen.storyboard */ = {
			isa = PBXVariantGroup;
			children = (
				164B606721912A1200A03896 /* Base */,
			);
			name = LaunchScreen.storyboard;
			sourceTree = "<group>";
		};
/* End PBXVariantGroup section */

/* Begin XCBuildConfiguration section */
		164B607521912A1200A03896 /* Debug */ = {
			isa = XCBuildConfiguration;
			buildSettings = {
				ALWAYS_SEARCH_USER_PATHS = NO;
				CLANG_ANALYZER_NONNULL = YES;
				CLANG_ANALYZER_NUMBER_OBJECT_CONVERSION = YES_AGGRESSIVE;
				CLANG_CXX_LANGUAGE_STANDARD = "gnu++14";
				CLANG_CXX_LIBRARY = "libc++";
				CLANG_ENABLE_MODULES = YES;
				CLANG_ENABLE_OBJC_ARC = YES;
				CLANG_ENABLE_OBJC_WEAK = YES;
				CLANG_WARN_BLOCK_CAPTURE_AUTORELEASING = YES;
				CLANG_WARN_BOOL_CONVERSION = YES;
				CLANG_WARN_COMMA = YES;
				CLANG_WARN_CONSTANT_CONVERSION = YES;
				CLANG_WARN_DEPRECATED_OBJC_IMPLEMENTATIONS = YES;
				CLANG_WARN_DIRECT_OBJC_ISA_USAGE = YES_ERROR;
				CLANG_WARN_DOCUMENTATION_COMMENTS = YES;
				CLANG_WARN_EMPTY_BODY = YES;
				CLANG_WARN_ENUM_CONVERSION = YES;
				CLANG_WARN_INFINITE_RECURSION = YES;
				CLANG_WARN_INT_CONVERSION = YES;
				CLANG_WARN_NON_LITERAL_NULL_CONVERSION = YES;
				CLANG_WARN_OBJC_IMPLICIT_RETAIN_SELF = YES;
				CLANG_WARN_OBJC_LITERAL_CONVERSION = YES;
				CLANG_WARN_OBJC_ROOT_CLASS = YES_ERROR;
				CLANG_WARN_RANGE_LOOP_ANALYSIS = YES;
				CLANG_WARN_STRICT_PROTOTYPES = YES;
				CLANG_WARN_SUSPICIOUS_MOVE = YES;
				CLANG_WARN_UNGUARDED_AVAILABILITY = YES_AGGRESSIVE;
				CLANG_WARN_UNREACHABLE_CODE = YES;
				CLANG_WARN__DUPLICATE_METHOD_MATCH = YES;
				CODE_SIGN_IDENTITY = "iPhone Developer";
				COPY_PHASE_STRIP = NO;
				DEBUG_INFORMATION_FORMAT = dwarf;
				ENABLE_STRICT_OBJC_MSGSEND = YES;
				ENABLE_TESTABILITY = YES;
				GCC_C_LANGUAGE_STANDARD = gnu11;
				GCC_DYNAMIC_NO_PIC = NO;
				GCC_NO_COMMON_BLOCKS = YES;
				GCC_OPTIMIZATION_LEVEL = 0;
				GCC_PREPROCESSOR_DEFINITIONS = (
					"DEBUG=1",
					"$(inherited)",
				);
				GCC_WARN_64_TO_32_BIT_CONVERSION = YES;
				GCC_WARN_ABOUT_RETURN_TYPE = YES_ERROR;
				GCC_WARN_UNDECLARED_SELECTOR = YES;
				GCC_WARN_UNINITIALIZED_AUTOS = YES_AGGRESSIVE;
				GCC_WARN_UNUSED_FUNCTION = YES;
				GCC_WARN_UNUSED_VARIABLE = YES;
				IPHONEOS_DEPLOYMENT_TARGET = 11.4;
				MTL_ENABLE_DEBUG_INFO = YES;
				ONLY_ACTIVE_ARCH = YES;
				SDKROOT = iphoneos;
				SWIFT_ACTIVE_COMPILATION_CONDITIONS = DEBUG;
				SWIFT_OPTIMIZATION_LEVEL = "-Onone";
			};
			name = Debug;
		};
		164B607621912A1200A03896 /* Release */ = {
			isa = XCBuildConfiguration;
			buildSettings = {
				ALWAYS_SEARCH_USER_PATHS = NO;
				CLANG_ANALYZER_NONNULL = YES;
				CLANG_ANALYZER_NUMBER_OBJECT_CONVERSION = YES_AGGRESSIVE;
				CLANG_CXX_LANGUAGE_STANDARD = "gnu++14";
				CLANG_CXX_LIBRARY = "libc++";
				CLANG_ENABLE_MODULES = YES;
				CLANG_ENABLE_OBJC_ARC = YES;
				CLANG_ENABLE_OBJC_WEAK = YES;
				CLANG_WARN_BLOCK_CAPTURE_AUTORELEASING = YES;
				CLANG_WARN_BOOL_CONVERSION = YES;
				CLANG_WARN_COMMA = YES;
				CLANG_WARN_CONSTANT_CONVERSION = YES;
				CLANG_WARN_DEPRECATED_OBJC_IMPLEMENTATIONS = YES;
				CLANG_WARN_DIRECT_OBJC_ISA_USAGE = YES_ERROR;
				CLANG_WARN_DOCUMENTATION_COMMENTS = YES;
				CLANG_WARN_EMPTY_BODY = YES;
				CLANG_WARN_ENUM_CONVERSION = YES;
				CLANG_WARN_INFINITE_RECURSION = YES;
				CLANG_WARN_INT_CONVERSION = YES;
				CLANG_WARN_NON_LITERAL_NULL_CONVERSION = YES;
				CLANG_WARN_OBJC_IMPLICIT_RETAIN_SELF = YES;
				CLANG_WARN_OBJC_LITERAL_CONVERSION = YES;
				CLANG_WARN_OBJC_ROOT_CLASS = YES_ERROR;
				CLANG_WARN_RANGE_LOOP_ANALYSIS = YES;
				CLANG_WARN_STRICT_PROTOTYPES = YES;
				CLANG_WARN_SUSPICIOUS_MOVE = YES;
				CLANG_WARN_UNGUARDED_AVAILABILITY = YES_AGGRESSIVE;
				CLANG_WARN_UNREACHABLE_CODE = YES;
				CLANG_WARN__DUPLICATE_METHOD_MATCH = YES;
				CODE_SIGN_IDENTITY = "iPhone Developer";
				COPY_PHASE_STRIP = NO;
				DEBUG_INFORMATION_FORMAT = "dwarf-with-dsym";
				ENABLE_NS_ASSERTIONS = NO;
				ENABLE_STRICT_OBJC_MSGSEND = YES;
				GCC_C_LANGUAGE_STANDARD = gnu11;
				GCC_NO_COMMON_BLOCKS = YES;
				GCC_WARN_64_TO_32_BIT_CONVERSION = YES;
				GCC_WARN_ABOUT_RETURN_TYPE = YES_ERROR;
				GCC_WARN_UNDECLARED_SELECTOR = YES;
				GCC_WARN_UNINITIALIZED_AUTOS = YES_AGGRESSIVE;
				GCC_WARN_UNUSED_FUNCTION = YES;
				GCC_WARN_UNUSED_VARIABLE = YES;
				IPHONEOS_DEPLOYMENT_TARGET = 11.4;
				MTL_ENABLE_DEBUG_INFO = NO;
				SDKROOT = iphoneos;
				SWIFT_COMPILATION_MODE = wholemodule;
				SWIFT_OPTIMIZATION_LEVEL = "-O";
				VALIDATE_PRODUCT = YES;
			};
			name = Release;
		};
		164B607821912A1200A03896 /* Debug */ = {
			isa = XCBuildConfiguration;
			baseConfigurationReference = 3DABB9EC6B996594DA9598F4 /* Pods-EarthQuakeAppScore.debug.xcconfig */;
			buildSettings = {
				ASSETCATALOG_COMPILER_APPICON_NAME = AppIcon;
				CODE_SIGN_STYLE = Automatic;
				INFOPLIST_FILE = EarthQuakeAppScore/Info.plist;
				LD_RUNPATH_SEARCH_PATHS = (
					"$(inherited)",
					"@executable_path/Frameworks",
				);
				PRODUCT_BUNDLE_IDENTIFIER = com.soansaini.EarthQuakeAppScore;
				PRODUCT_NAME = "$(TARGET_NAME)";
				SWIFT_VERSION = 4.0;
				TARGETED_DEVICE_FAMILY = "1,2";
			};
			name = Debug;
		};
		164B607921912A1200A03896 /* Release */ = {
			isa = XCBuildConfiguration;
			baseConfigurationReference = 34F67B90D697AA4A2E40E557 /* Pods-EarthQuakeAppScore.release.xcconfig */;
			buildSettings = {
				ASSETCATALOG_COMPILER_APPICON_NAME = AppIcon;
				CODE_SIGN_STYLE = Automatic;
				INFOPLIST_FILE = EarthQuakeAppScore/Info.plist;
				LD_RUNPATH_SEARCH_PATHS = (
					"$(inherited)",
					"@executable_path/Frameworks",
				);
				PRODUCT_BUNDLE_IDENTIFIER = com.soansaini.EarthQuakeAppScore;
				PRODUCT_NAME = "$(TARGET_NAME)";
				SWIFT_VERSION = 4.0;
				TARGETED_DEVICE_FAMILY = "1,2";
			};
			name = Release;
		};
		164B607B21912A1200A03896 /* Debug */ = {
			isa = XCBuildConfiguration;
			baseConfigurationReference = 0E3797F06444807A3DC81622 /* Pods-EarthQuakeAppScoreTests.debug.xcconfig */;
			buildSettings = {
				ALWAYS_EMBED_SWIFT_STANDARD_LIBRARIES = YES;
				BUNDLE_LOADER = "$(TEST_HOST)";
				CODE_SIGN_STYLE = Automatic;
				INFOPLIST_FILE = EarthQuakeAppScoreTests/Info.plist;
				LD_RUNPATH_SEARCH_PATHS = (
					"$(inherited)",
					"@executable_path/Frameworks",
					"@loader_path/Frameworks",
				);
				PRODUCT_BUNDLE_IDENTIFIER = com.soansaini.EarthQuakeAppScoreTests;
				PRODUCT_NAME = "$(TARGET_NAME)";
				SWIFT_VERSION = 4.0;
				TARGETED_DEVICE_FAMILY = "1,2";
				TEST_HOST = "$(BUILT_PRODUCTS_DIR)/EarthQuakeAppScore.app/EarthQuakeAppScore";
			};
			name = Debug;
		};
		164B607C21912A1200A03896 /* Release */ = {
			isa = XCBuildConfiguration;
			baseConfigurationReference = DAA3E29616A40A0F4F87A818 /* Pods-EarthQuakeAppScoreTests.release.xcconfig */;
			buildSettings = {
				ALWAYS_EMBED_SWIFT_STANDARD_LIBRARIES = YES;
				BUNDLE_LOADER = "$(TEST_HOST)";
				CODE_SIGN_STYLE = Automatic;
				INFOPLIST_FILE = EarthQuakeAppScoreTests/Info.plist;
				LD_RUNPATH_SEARCH_PATHS = (
					"$(inherited)",
					"@executable_path/Frameworks",
					"@loader_path/Frameworks",
				);
				PRODUCT_BUNDLE_IDENTIFIER = com.soansaini.EarthQuakeAppScoreTests;
				PRODUCT_NAME = "$(TARGET_NAME)";
				SWIFT_VERSION = 4.0;
				TARGETED_DEVICE_FAMILY = "1,2";
				TEST_HOST = "$(BUILT_PRODUCTS_DIR)/EarthQuakeAppScore.app/EarthQuakeAppScore";
			};
			name = Release;
		};
/* End XCBuildConfiguration section */

/* Begin XCConfigurationList section */
		164B605521912A1000A03896 /* Build configuration list for PBXProject "EarthQuakeAppScore" */ = {
			isa = XCConfigurationList;
			buildConfigurations = (
				164B607521912A1200A03896 /* Debug */,
				164B607621912A1200A03896 /* Release */,
			);
			defaultConfigurationIsVisible = 0;
			defaultConfigurationName = Release;
		};
		164B607721912A1200A03896 /* Build configuration list for PBXNativeTarget "EarthQuakeAppScore" */ = {
			isa = XCConfigurationList;
			buildConfigurations = (
				164B607821912A1200A03896 /* Debug */,
				164B607921912A1200A03896 /* Release */,
			);
			defaultConfigurationIsVisible = 0;
			defaultConfigurationName = Release;
		};
		164B607A21912A1200A03896 /* Build configuration list for PBXNativeTarget "EarthQuakeAppScoreTests" */ = {
			isa = XCConfigurationList;
			buildConfigurations = (
				164B607B21912A1200A03896 /* Debug */,
				164B607C21912A1200A03896 /* Release */,
			);
			defaultConfigurationIsVisible = 0;
			defaultConfigurationName = Release;
		};
/* End XCConfigurationList section */
	};
	rootObject = 164B605221912A1000A03896 /* Project object */;
}
